
Microsoft Visual Studio Solution File, Format Version 12.00
# Visual Studio Version 16
VisualStudioVersion = 16.0.29709.97
MinimumVisualStudioVersion = 10.0.40219.1
Project("{FAE04EC0-301F-11D3-BF4B-00C04F79EFBC}") = "2ND_NlogTry", "2ND_NlogTry\2ND_NlogTry.csproj", "{5AB77C4C-7F0E-40E6-8B4E-918E5B409385}"
EndProject
Global
	GlobalSection(SolutionConfigurationPlatforms) = preSolution
		Debug|Any CPU = Debug|Any CPU
		Release|Any CPU = Release|Any CPU
	EndGlobalSection
	GlobalSection(ProjectConfigurationPlatforms) = postSolution
		{5AB77C4C-7F0E-40E6-8B4E-918E5B409385}.Debug|Any CPU.ActiveCfg = Debug|Any CPU
		{5AB77C4C-7F0E-40E6-8B4E-918E5B409385}.Debug|Any CPU.Build.0 = Debug|Any CPU
		{5AB77C4C-7F0E-40E6-8B4E-918E5B409385}.Release|Any CPU.ActiveCfg = Release|Any CPU
		{5AB77C4C-7F0E-40E6-8B4E-918E5B409385}.Release|Any CPU.Build.0 = Release|Any CPU
	EndGlobalSection
	GlobalSection(SolutionProperties) = preSolution
		HideSolutionNode = FALSE
	EndGlobalSection
	GlobalSection(ExtensibilityGlobals) = postSolution
		SolutionGuid = {3FAE70D0-1920-4A66-AE0C-3824F7A9B77B}
	EndGlobalSection
EndGlobal
